
Microsoft Visual Studio Solution File, Format Version 12.00
# Visual Studio Version 17
VisualStudioVersion = 17.3.32825.248
MinimumVisualStudioVersion = 10.0.40219.1
Project("{FAE04EC0-301F-11D3-BF4B-00C04F79EFBC}") = "TweetMicroApi", "TweetMicroApi\TweetMicroApi.csproj", "{08D78705-1966-4A1A-A4E6-90B592B15FDC}"
EndProject
Global
	GlobalSection(SolutionConfigurationPlatforms) = preSolution
		Debug|Any CPU = Debug|Any CPU
		Release|Any CPU = Release|Any CPU
	EndGlobalSection
	GlobalSection(ProjectConfigurationPlatforms) = postSolution
		{08D78705-1966-4A1A-A4E6-90B592B15FDC}.Debug|Any CPU.ActiveCfg = Debug|Any CPU
		{08D78705-1966-4A1A-A4E6-90B592B15FDC}.Debug|Any CPU.Build.0 = Debug|Any CPU
		{08D78705-1966-4A1A-A4E6-90B592B15FDC}.Release|Any CPU.ActiveCfg = Release|Any CPU
		{08D78705-1966-4A1A-A4E6-90B592B15FDC}.Release|Any CPU.Build.0 = Release|Any CPU
	EndGlobalSection
	GlobalSection(SolutionProperties) = preSolution
		HideSolutionNode = FALSE
	EndGlobalSection
	GlobalSection(ExtensibilityGlobals) = postSolution
		SolutionGuid = {708E4548-1F91-409D-9869-C137EF6ED517}
	EndGlobalSection
EndGlobal
